// !$*UTF8*$!
{
	archiveVersion = 1;
	classes = {
	};
	objectVersion = 46;
	objects = {

/* Begin PBXBuildFile section */
		FFE19D0E1B9F275C0091D0B8 /* main.m in Sources */ = {isa = PBXBuildFile; fileRef = FFE19D0D1B9F275C0091D0B8 /* main.m */; };
		FFE19D111B9F275C0091D0B8 /* AppDelegate.m in Sources */ = {isa = PBXBuildFile; fileRef = FFE19D101B9F275C0091D0B8 /* AppDelegate.m */; };
		FFE19D141B9F275C0091D0B8 /* Thousands_Words.xcdatamodeld in Sources */ = {isa = PBXBuildFile; fileRef = FFE19D121B9F275C0091D0B8 /* Thousands_Words.xcdatamodeld */; };
		FFE19D171B9F275C0091D0B8 /* ViewController.m in Sources */ = {isa = PBXBuildFile; fileRef = FFE19D161B9F275C0091D0B8 /* ViewController.m */; };
		FFE19D1A1B9F275C0091D0B8 /* Main.storyboard in Resources */ = {isa = PBXBuildFile; fileRef = FFE19D181B9F275C0091D0B8 /* Main.storyboard */; };
		FFE19D1C1B9F275C0091D0B8 /* Images.xcassets in Resources */ = {isa = PBXBuildFile; fileRef = FFE19D1B1B9F275C0091D0B8 /* Images.xcassets */; };
		FFE19D1F1B9F275C0091D0B8 /* LaunchScreen.xib in Resources */ = {isa = PBXBuildFile; fileRef = FFE19D1D1B9F275C0091D0B8 /* LaunchScreen.xib */; };
		FFE19D2B1B9F275C0091D0B8 /* Thousands_WordsTests.m in Sources */ = {isa = PBXBuildFile; fileRef = FFE19D2A1B9F275C0091D0B8 /* Thousands_WordsTests.m */; };
/* End PBXBuildFile section */

/* Begin PBXContainerItemProxy section */
		FFE19D251B9F275C0091D0B8 /* PBXContainerItemProxy */ = {
			isa = PBXContainerItemProxy;
			containerPortal = FFE19D001B9F275C0091D0B8 /* Project object */;
			proxyType = 1;
			remoteGlobalIDString = FFE19D071B9F275C0091D0B8;
			remoteInfo = "Thousands Words";
		};
/* End PBXContainerItemProxy section */

/* Begin PBXFileReference section */
		FFE19D081B9F275C0091D0B8 /* Thousands Words.app */ = {isa = PBXFileReference; explicitFileType = wrapper.application; includeInIndex = 0; path = "Thousands Words.app"; sourceTree = BUILT_PRODUCTS_DIR; };
		FFE19D0C1B9F275C0091D0B8 /* Info.plist */ = {isa = PBXFileReference; lastKnownFileType = text.plist.xml; path = Info.plist; sourceTree = "<group>"; };
		FFE19D0D1B9F275C0091D0B8 /* main.m */ = {isa = PBXFileReference; lastKnownFileType = sourcecode.c.objc; path = main.m; sourceTree = "<group>"; };
		FFE19D0F1B9F275C0091D0B8 /* AppDelegate.h */ = {isa = PBXFileReference; lastKnownFileType = sourcecode.c.h; path = AppDelegate.h; sourceTree = "<group>"; };
		FFE19D101B9F275C0091D0B8 /* AppDelegate.m */ = {isa = PBXFileReference; lastKnownFileType = sourcecode.c.objc; path = AppDelegate.m; sourceTree = "<group>"; };
		FFE19D131B9F275C0091D0B8 /* Thousands_Words.xcdatamodel */ = {isa = PBXFileReference; lastKnownFileType = wrapper.xcdatamodel; path = Thousands_Words.xcdatamodel; sourceTree = "<group>"; };
		FFE19D151B9F275C0091D0B8 /* ViewController.h */ = {isa = PBXFileReference; lastKnownFileType = sourcecode.c.h; path = ViewController.h; sourceTree = "<group>"; };
		FFE19D161B9F275C0091D0B8 /* ViewController.m */ = {isa = PBXFileReference; lastKnownFileType = sourcecode.c.objc; path = ViewController.m; sourceTree = "<group>"; };
		FFE19D191B9F275C0091D0B8 /* Base */ = {isa = PBXFileReference; lastKnownFileType = file.storyboard; name = Base; path = Base.lproj/Main.storyboard; sourceTree = "<group>"; };
		FFE19D1B1B9F275C0091D0B8 /* Images.xcassets */ = {isa = PBXFileReference; lastKnownFileType = folder.assetcatalog; path = Images.xcassets; sourceTree = "<group>"; };
		FFE19D1E1B9F275C0091D0B8 /* Base */ = {isa = PBXFileReference; lastKnownFileType = file.xib; name = Base; path = Base.lproj/LaunchScreen.xib; sourceTree = "<group>"; };
		FFE19D241B9F275C0091D0B8 /* Thousands WordsTests.xctest */ = {isa = PBXFileReference; explicitFileType = wrapper.cfbundle; includeInIndex = 0; path = "Thousands WordsTests.xctest"; sourceTree = BUILT_PRODUCTS_DIR; };
		FFE19D291B9F275C0091D0B8 /* Info.plist */ = {isa = PBXFileReference; lastKnownFileType = text.plist.xml; path = Info.plist; sourceTree = "<group>"; };
		FFE19D2A1B9F275C0091D0B8 /* Thousands_WordsTests.m */ = {isa = PBXFileReference; lastKnownFileType = sourcecode.c.objc; path = Thousands_WordsTests.m; sourceTree = "<group>"; };
/* End PBXFileReference section */

/* Begin PBXFrameworksBuildPhase section */
		FFE19D051B9F275C0091D0B8 /* Frameworks */ = {
			isa = PBXFrameworksBuildPhase;
			buildActionMask = 2147483647;
			files = (
			);
			runOnlyForDeploymentPostprocessing = 0;
		};
		FFE19D211B9F275C0091D0B8 /* Frameworks */ = {
			isa = PBXFrameworksBuildPhase;
			buildActionMask = 2147483647;
			files = (
			);
			runOnlyForDeploymentPostprocessing = 0;
		};
/* End PBXFrameworksBuildPhase section */

/* Begin PBXGroup section */
		FFE19CFF1B9F275C0091D0B8 = {
			isa = PBXGroup;
			children = (
				FFE19D0A1B9F275C0091D0B8 /* Thousands Words */,
				FFE19D271B9F275C0091D0B8 /* Thousands WordsTests */,
				FFE19D091B9F275C0091D0B8 /* Products */,
			);
			sourceTree = "<group>";
		};
		FFE19D091B9F275C0091D0B8 /* Products */ = {
			isa = PBXGroup;
			children = (
				FFE19D081B9F275C0091D0B8 /* Thousands Words.app */,
				FFE19D241B9F275C0091D0B8 /* Thousands WordsTests.xctest */,
			);
			name = Products;
			sourceTree = "<group>";
		};
		FFE19D0A1B9F275C0091D0B8 /* Thousands Words */ = {
			isa = PBXGroup;
			children = (
				FFE19D0F1B9F275C0091D0B8 /* AppDelegate.h */,
				FFE19D101B9F275C0091D0B8 /* AppDelegate.m */,
				FFE19D151B9F275C0091D0B8 /* ViewController.h */,
				FFE19D161B9F275C0091D0B8 /* ViewController.m */,
				FFE19D181B9F275C0091D0B8 /* Main.storyboard */,
				FFE19D1B1B9F275C0091D0B8 /* Images.xcassets */,
				FFE19D1D1B9F275C0091D0B8 /* LaunchScreen.xib */,
				FFE19D121B9F275C0091D0B8 /* Thousands_Words.xcdatamodeld */,
				FFE19D0B1B9F275C0091D0B8 /* Supporting Files */,
			);
			path = "Thousands Words";
			sourceTree = "<group>";
		};
		FFE19D0B1B9F275C0091D0B8 /* Supporting Files */ = {
			isa = PBXGroup;
			children = (
				FFE19D0C1B9F275C0091D0B8 /* Info.plist */,
				FFE19D0D1B9F275C0091D0B8 /* main.m */,
			);
			name = "Supporting Files";
			sourceTree = "<group>";
		};
		FFE19D271B9F275C0091D0B8 /* Thousands WordsTests */ = {
			isa = PBXGroup;
			children = (
				FFE19D2A1B9F275C0091D0B8 /* Thousands_WordsTests.m */,
				FFE19D281B9F275C0091D0B8 /* Supporting Files */,
			);
			path = "Thousands WordsTests";
			sourceTree = "<group>";
		};
		FFE19D281B9F275C0091D0B8 /* Supporting Files */ = {
			isa = PBXGroup;
			children = (
				FFE19D291B9F275C0091D0B8 /* Info.plist */,
			);
			name = "Supporting Files";
			sourceTree = "<group>";
		};
/* End PBXGroup section */

/* Begin PBXNativeTarget section */
		FFE19D071B9F275C0091D0B8 /* Thousands Words */ = {
			isa = PBXNativeTarget;
			buildConfigurationList = FFE19D2E1B9F275C0091D0B8 /* Build configuration list for PBXNativeTarget "Thousands Words" */;
			buildPhases = (
				FFE19D041B9F275C0091D0B8 /* Sources */,
				FFE19D051B9F275C0091D0B8 /* Frameworks */,
				FFE19D061B9F275C0091D0B8 /* Resources */,
			);
			buildRules = (
			);
			dependencies = (
			);
			name = "Thousands Words";
			productName = "Thousands Words";
			productReference = FFE19D081B9F275C0091D0B8 /* Thousands Words.app */;
			productType = "com.apple.product-type.application";
		};
		FFE19D231B9F275C0091D0B8 /* Thousands WordsTests */ = {
			isa = PBXNativeTarget;
			buildConfigurationList = FFE19D311B9F275C0091D0B8 /* Build configuration list for PBXNativeTarget "Thousands WordsTests" */;
			buildPhases = (
				FFE19D201B9F275C0091D0B8 /* Sources */,
				FFE19D211B9F275C0091D0B8 /* Frameworks */,
				FFE19D221B9F275C0091D0B8 /* Resources */,
			);
			buildRules = (
			);
			dependencies = (
				FFE19D261B9F275C0091D0B8 /* PBXTargetDependency */,
			);
			name = "Thousands WordsTests";
			productName = "Thousands WordsTests";
			productReference = FFE19D241B9F275C0091D0B8 /* Thousands WordsTests.xctest */;
			productType = "com.apple.product-type.bundle.unit-test";
		};
/* End PBXNativeTarget section */

/* Begin PBXProject section */
		FFE19D001B9F275C0091D0B8 /* Project object */ = {
			isa = PBXProject;
			attributes = {
				LastUpgradeCheck = 0640;
				ORGANIZATIONNAME = "Adriano Falleti";
				TargetAttributes = {
					FFE19D071B9F275C0091D0B8 = {
						CreatedOnToolsVersion = 6.4;
					};
					FFE19D231B9F275C0091D0B8 = {
						CreatedOnToolsVersion = 6.4;
						TestTargetID = FFE19D071B9F275C0091D0B8;
					};
				};
			};
			buildConfigurationList = FFE19D031B9F275C0091D0B8 /* Build configuration list for PBXProject "Thousands Words" */;
			compatibilityVersion = "Xcode 3.2";
			developmentRegion = English;
			hasScannedForEncodings = 0;
			knownRegions = (
				en,
				Base,
			);
			mainGroup = FFE19CFF1B9F275C0091D0B8;
			productRefGroup = FFE19D091B9F275C0091D0B8 /* Products */;
			projectDirPath = "";
			projectRoot = "";
			targets = (
				FFE19D071B9F275C0091D0B8 /* Thousands Words */,
				FFE19D231B9F275C0091D0B8 /* Thousands WordsTests */,
			);
		};
/* End PBXProject section */

/* Begin PBXResourcesBuildPhase section */
		FFE19D061B9F275C0091D0B8 /* Resources */ = {
			isa = PBXResourcesBuildPhase;
			buildActionMask = 2147483647;
			files = (
				FFE19D1A1B9F275C0091D0B8 /* Main.storyboard in Resources */,
				FFE19D1F1B9F275C0091D0B8 /* LaunchScreen.xib in Resources */,
				FFE19D1C1B9F275C0091D0B8 /* Images.xcassets in Resources */,
			);
			runOnlyForDeploymentPostprocessing = 0;
		};
		FFE19D221B9F275C0091D0B8 /* Resources */ = {
			isa = PBXResourcesBuildPhase;
			buildActionMask = 2147483647;
			files = (
			);
			runOnlyForDeploymentPostprocessing = 0;
		};
/* End PBXResourcesBuildPhase section */

/* Begin PBXSourcesBuildPhase section */
		FFE19D041B9F275C0091D0B8 /* Sources */ = {
			isa = PBXSourcesBuildPhase;
			buildActionMask = 2147483647;
			files = (
				FFE19D111B9F275C0091D0B8 /* AppDelegate.m in Sources */,
				FFE19D0E1B9F275C0091D0B8 /* main.m in Sources */,
				FFE19D171B9F275C0091D0B8 /* ViewController.m in Sources */,
				FFE19D141B9F275C0091D0B8 /* Thousands_Words.xcdatamodeld in Sources */,
			);
			runOnlyForDeploymentPostprocessing = 0;
		};
		FFE19D201B9F275C0091D0B8 /* Sources */ = {
			isa = PBXSourcesBuildPhase;
			buildActionMask = 2147483647;
			files = (
				FFE19D2B1B9F275C0091D0B8 /* Thousands_WordsTests.m in Sources */,
			);
			runOnlyForDeploymentPostprocessing = 0;
		};
/* End PBXSourcesBuildPhase section */

/* Begin PBXTargetDependency section */
		FFE19D261B9F275C0091D0B8 /* PBXTargetDependency */ = {
			isa = PBXTargetDependency;
			target = FFE19D071B9F275C0091D0B8 /* Thousands Words */;
			targetProxy = FFE19D251B9F275C0091D0B8 /* PBXContainerItemProxy */;
		};
/* End PBXTargetDependency section */

/* Begin PBXVariantGroup section */
		FFE19D181B9F275C0091D0B8 /* Main.storyboard */ = {
			isa = PBXVariantGroup;
			children = (
				FFE19D191B9F275C0091D0B8 /* Base */,
			);
			name = Main.storyboard;
			sourceTree = "<group>";
		};
		FFE19D1D1B9F275C0091D0B8 /* LaunchScreen.xib */ = {
			isa = PBXVariantGroup;
			children = (
				FFE19D1E1B9F275C0091D0B8 /* Base */,
			);
			name = LaunchScreen.xib;
			sourceTree = "<group>";
		};
/* End PBXVariantGroup section */

/* Begin XCBuildConfiguration section */
		FFE19D2C1B9F275C0091D0B8 /* Debug */ = {
			isa = XCBuildConfiguration;
			buildSettings = {
				ALWAYS_SEARCH_USER_PATHS = NO;
				CLANG_CXX_LANGUAGE_STANDARD = "gnu++0x";
				CLANG_CXX_LIBRARY = "libc++";
				CLANG_ENABLE_MODULES = YES;
				CLANG_ENABLE_OBJC_ARC = YES;
				CLANG_WARN_BOOL_CONVERSION = YES;
				CLANG_WARN_CONSTANT_CONVERSION = YES;
				CLANG_WARN_DIRECT_OBJC_ISA_USAGE = YES_ERROR;
				CLANG_WARN_EMPTY_BODY = YES;
				CLANG_WARN_ENUM_CONVERSION = YES;
				CLANG_WARN_INT_CONVERSION = YES;
				CLANG_WARN_OBJC_ROOT_CLASS = YES_ERROR;
				CLANG_WARN_UNREACHABLE_CODE = YES;
				CLANG_WARN__DUPLICATE_METHOD_MATCH = YES;
				"CODE_SIGN_IDENTITY[sdk=iphoneos*]" = "iPhone Developer";
				COPY_PHASE_STRIP = NO;
				DEBUG_INFORMATION_FORMAT = "dwarf-with-dsym";
				ENABLE_STRICT_OBJC_MSGSEND = YES;
				GCC_C_LANGUAGE_STANDARD = gnu99;
				GCC_DYNAMIC_NO_PIC = NO;
				GCC_NO_COMMON_BLOCKS = YES;
				GCC_OPTIMIZATION_LEVEL = 0;
				GCC_PREPROCESSOR_DEFINITIONS = (
					"DEBUG=1",
					"$(inherited)",
				);
				GCC_SYMBOLS_PRIVATE_EXTERN = NO;
				GCC_WARN_64_TO_32_BIT_CONVERSION = YES;
				GCC_WARN_ABOUT_RETURN_TYPE = YES_ERROR;
				GCC_WARN_UNDECLARED_SELECTOR = YES;
				GCC_WARN_UNINITIALIZED_AUTOS = YES_AGGRESSIVE;
				GCC_WARN_UNUSED_FUNCTION = YES;
				GCC_WARN_UNUSED_VARIABLE = YES;
				IPHONEOS_DEPLOYMENT_TARGET = 8.4;
				MTL_ENABLE_DEBUG_INFO = YES;
				ONLY_ACTIVE_ARCH = YES;
				SDKROOT = iphoneos;
			};
			name = Debug;
		};
		FFE19D2D1B9F275C0091D0B8 /* Release */ = {
			isa = XCBuildConfiguration;
			buildSettings = {
				ALWAYS_SEARCH_USER_PATHS = NO;
				CLANG_CXX_LANGUAGE_STANDARD = "gnu++0x";
				CLANG_CXX_LIBRARY = "libc++";
				CLANG_ENABLE_MODULES = YES;
				CLANG_ENABLE_OBJC_ARC = YES;
				CLANG_WARN_BOOL_CONVERSION = YES;
				CLANG_WARN_CONSTANT_CONVERSION = YES;
				CLANG_WARN_DIRECT_OBJC_ISA_USAGE = YES_ERROR;
				CLANG_WARN_EMPTY_BODY = YES;
				CLANG_WARN_ENUM_CONVERSION = YES;
				CLANG_WARN_INT_CONVERSION = YES;
				CLANG_WARN_OBJC_ROOT_CLASS = YES_ERROR;
				CLANG_WARN_UNREACHABLE_CODE = YES;
				CLANG_WARN__DUPLICATE_METHOD_MATCH = YES;
				"CODE_SIGN_IDENTITY[sdk=iphoneos*]" = "iPhone Developer";
				COPY_PHASE_STRIP = NO;
				DEBUG_INFORMATION_FORMAT = "dwarf-with-dsym";
				ENABLE_NS_ASSERTIONS = NO;
				ENABLE_STRICT_OBJC_MSGSEND = YES;
				GCC_C_LANGUAGE_STANDARD = gnu99;
				GCC_NO_COMMON_BLOCKS = YES;
				GCC_WARN_64_TO_32_BIT_CONVERSION = YES;
				GCC_WARN_ABOUT_RETURN_TYPE = YES_ERROR;
				GCC_WARN_UNDECLARED_SELECTOR = YES;
				GCC_WARN_UNINITIALIZED_AUTOS = YES_AGGRESSIVE;
				GCC_WARN_UNUSED_FUNCTION = YES;
				GCC_WARN_UNUSED_VARIABLE = YES;
				IPHONEOS_DEPLOYMENT_TARGET = 8.4;
				MTL_ENABLE_DEBUG_INFO = NO;
				SDKROOT = iphoneos;
				VALIDATE_PRODUCT = YES;
			};
			name = Release;
		};
		FFE19D2F1B9F275C0091D0B8 /* Debug */ = {
			isa = XCBuildConfiguration;
			buildSettings = {
				ASSETCATALOG_COMPILER_APPICON_NAME = AppIcon;
				INFOPLIST_FILE = "Thousands Words/Info.plist";
				LD_RUNPATH_SEARCH_PATHS = "$(inherited) @executable_path/Frameworks";
				PRODUCT_NAME = "$(TARGET_NAME)";
			};
			name = Debug;
		};
		FFE19D301B9F275C0091D0B8 /* Release */ = {
			isa = XCBuildConfiguration;
			buildSettings = {
				ASSETCATALOG_COMPILER_APPICON_NAME = AppIcon;
				INFOPLIST_FILE = "Thousands Words/Info.plist";
				LD_RUNPATH_SEARCH_PATHS = "$(inherited) @executable_path/Frameworks";
				PRODUCT_NAME = "$(TARGET_NAME)";
			};
			name = Release;
		};
		FFE19D321B9F275C0091D0B8 /* Debug */ = {
			isa = XCBuildConfiguration;
			buildSettings = {
				BUNDLE_LOADER = "$(TEST_HOST)";
				FRAMEWORK_SEARCH_PATHS = (
					"$(SDKROOT)/Developer/Library/Frameworks",
					"$(inherited)",
				);
				GCC_PREPROCESSOR_DEFINITIONS = (
					"DEBUG=1",
					"$(inherited)",
				);
				INFOPLIST_FILE = "Thousands WordsTests/Info.plist";
				LD_RUNPATH_SEARCH_PATHS = "$(inherited) @executable_path/Frameworks @loader_path/Frameworks";
				PRODUCT_NAME = "$(TARGET_NAME)";
				TEST_HOST = "$(BUILT_PRODUCTS_DIR)/Thousands Words.app/Thousands Words";
			};
			name = Debug;
		};
		FFE19D331B9F275C0091D0B8 /* Release */ = {
			isa = XCBuildConfiguration;
			buildSettings = {
				BUNDLE_LOADER = "$(TEST_HOST)";
				FRAMEWORK_SEARCH_PATHS = (
					"$(SDKROOT)/Developer/Library/Frameworks",
					"$(inherited)",
				);
				INFOPLIST_FILE = "Thousands WordsTests/Info.plist";
				LD_RUNPATH_SEARCH_PATHS = "$(inherited) @executable_path/Frameworks @loader_path/Frameworks";
				PRODUCT_NAME = "$(TARGET_NAME)";
				TEST_HOST = "$(BUILT_PRODUCTS_DIR)/Thousands Words.app/Thousands Words";
			};
			name = Release;
		};
/* End XCBuildConfiguration section */

/* Begin XCConfigurationList section */
		FFE19D031B9F275C0091D0B8 /* Build configuration list for PBXProject "Thousands Words" */ = {
			isa = XCConfigurationList;
			buildConfigurations = (
				FFE19D2C1B9F275C0091D0B8 /* Debug */,
				FFE19D2D1B9F275C0091D0B8 /* Release */,
			);
			defaultConfigurationIsVisible = 0;
			defaultConfigurationName = Release;
		};
		FFE19D2E1B9F275C0091D0B8 /* Build configuration list for PBXNativeTarget "Thousands Words" */ = {
			isa = XCConfigurationList;
			buildConfigurations = (
				FFE19D2F1B9F275C0091D0B8 /* Debug */,
				FFE19D301B9F275C0091D0B8 /* Release */,
			);
			defaultConfigurationIsVisible = 0;
		};
		FFE19D311B9F275C0091D0B8 /* Build configuration list for PBXNativeTarget "Thousands WordsTests" */ = {
			isa = XCConfigurationList;
			buildConfigurations = (
				FFE19D321B9F275C0091D0B8 /* Debug */,
				FFE19D331B9F275C0091D0B8 /* Release */,
			);
			defaultConfigurationIsVisible = 0;
		};
/* End XCConfigurationList section */

/* Begin XCVersionGroup section */
		FFE19D121B9F275C0091D0B8 /* Thousands_Words.xcdatamodeld */ = {
			isa = XCVersionGroup;
			children = (
				FFE19D131B9F275C0091D0B8 /* Thousands_Words.xcdatamodel */,
			);
			currentVersion = FFE19D131B9F275C0091D0B8 /* Thousands_Words.xcdatamodel */;
			path = Thousands_Words.xcdatamodeld;
			sourceTree = "<group>";
			versionGroupType = wrapper.xcdatamodel;
		};
/* End XCVersionGroup section */
	};
	rootObject = FFE19D001B9F275C0091D0B8 /* Project object */;
}
